{
    "annotationProcessor": {
        "org.projectlombok:lombok": {
            "locked": "1.18.46"
        }
    },
    "checkstyle": {
        "com.puppycrawl.tools:checkstyle": {
            "locked": "6.11"
        }
    },
    "compileClasspath": {
        "com.fasterxml.jackson.core:jackson-databind": {
            "firstLevelTransitive": [
                "com.netflix.metacat:metacat-common"
            ],
            "locked": "2.21.5"
        },
        "com.github.fge:json-patch": {
            "firstLevelTransitive": [
                "com.netflix.metacat:metacat-common"
            ],
            "locked": "1.9"
        },
        "com.github.rholder:guava-retrying": {
            "firstLevelTransitive": [
                "com.netflix.metacat:metacat-connector-hive"
            ],
            "locked": "2.0.0"
        },
        "com.github.spotbugs:spotbugs-annotations": {
            "locked": "4.9.8"
        },
        "com.google.guava:guava": {
            "firstLevelTransitive": [
                "com.netflix.metacat:metacat-common",
                "com.netflix.metacat:metacat-common-server"
            ],
            "locked": "31.0.1-jre"
        },
        "com.google.inject:guice": {
            "firstLevelTransitive": [
                "com.netflix.metacat:metacat-common-server",
                "com.netflix.metacat:metacat-connector-jdbc"
            ],
            "locked": "7.0.0"
        },
        "com.h2database:h2": {
            "locked": "2.4.240"
        },
        "com.netflix.metacat:metacat-common": {
            "firstLevelTransitive": [
                "com.netflix.metacat:metacat-common-server"
            ],
            "project": true
        },
        "com.netflix.metacat:metacat-common-server": {
            "firstLevelTransitive": [
                "com.netflix.metacat:metacat-connector-hive",
                "com.netflix.metacat:metacat-connector-jdbc"
            ],
            "project": true
        },
        "com.netflix.metacat:metacat-connector-hive": {
            "project": true
        },
        "com.netflix.metacat:metacat-connector-jdbc": {
            "project": true
        },
        "com.netflix.spectator:spectator-api": {
            "firstLevelTransitive": [
                "com.netflix.metacat:metacat-common-server"
            ],
            "locked": "1.3.9"
        },
        "com.zaxxer:HikariCP": {
            "locked": "7.0.2"
        },
        "commons-dbutils:commons-dbutils": {
            "firstLevelTransitive": [
                "com.netflix.metacat:metacat-connector-hive"
            ],
            "locked": "1.6"
        },
        "jakarta.persistence:jakarta.persistence-api": {
            "locked": "3.2.0"
        },
        "net.sf.dozer:dozer": {
            "firstLevelTransitive": [
                "com.netflix.metacat:metacat-common-server"
            ],
            "locked": "5.5.1"
        },
        "org.apache.hadoop:hadoop-core": {
            "firstLevelTransitive": [
                "com.netflix.metacat:metacat-connector-hive"
            ],
            "locked": "1.2.1"
        },
        "org.apache.hive:hive-exec": {
            "firstLevelTransitive": [
                "com.netflix.metacat:metacat-connector-hive"
            ],
            "locked": "1.2.1"
        },
        "org.apache.hive:hive-metastore": {
            "firstLevelTransitive": [
                "com.netflix.metacat:metacat-connector-hive"
            ],
            "locked": "1.2.1"
        },
        "org.apache.iceberg:iceberg-spark-runtime-3.5_2.13": {
            "firstLevelTransitive": [
                "com.netflix.metacat:metacat-connector-hive"
            ],
            "locked": "1.9.1"
        },
        "org.apache.tomcat:tomcat-jdbc": {
            "firstLevelTransitive": [
                "com.netflix.metacat:metacat-common-server"
            ],
            "locked": "11.0.24"
        },
        "org.hibernate.orm:hibernate-core": {
            "locked": "7.2.24.Final"
        },
        "org.projectlombok:lombok": {
            "locked": "1.18.46"
        },
        "org.slf4j:slf4j-api": {
            "firstLevelTransitive": [
                "com.netflix.metacat:metacat-common-server"
            ],
            "locked": "2.0.18"
        },
        "org.springdoc:springdoc-openapi-starter-webmvc-ui": {
            "firstLevelTransitive": [
                "com.netflix.metacat:metacat-common"
            ],
            "locked": "3.1.0"
        },
        "org.springframework.boot:spring-boot-starter": {
            "firstLevelTransitive": [
                "com.netflix.metacat:metacat-common-server"
            ],
            "locked": "4.0.8"
        },
        "org.springframework.boot:spring-boot-starter-data-jpa": {
            "locked": "4.0.8"
        },
        "org.springframework.boot:spring-boot-starter-logging": {
            "firstLevelTransitive": [
                "com.netflix.metacat:metacat-common-server"
            ],
            "locked": "4.0.8"
        },
        "org.springframework.boot:spring-boot-starter-validation": {
            "locked": "4.0.8"
        },
        "org.springframework:spring-aspects": {
            "locked": "7.0.9"
        },
        "org.springframework:spring-jdbc": {
            "firstLevelTransitive": [
                "com.netflix.metacat:metacat-common-server"
            ],
            "locked": "7.0.9"
        }
    },
    "functionalTestAnnotationProcessor": {
        "org.projectlombok:lombok": {
            "locked": "1.18.46"
        }
    },
    "functionalTestCompileClasspath": {
        "cglib:cglib-nodep": {
            "locked": "3.2.4"
        },
        "com.fasterxml.jackson.core:jackson-databind": {
            "firstLevelTransitive": [
                "com.netflix.metacat:metacat-common"
            ],
            "locked": "2.21.5"
        },
        "com.github.fge:json-patch": {
            "firstLevelTransitive": [
                "com.netflix.metacat:metacat-common"
            ],
            "locked": "1.9"
        },
        "com.github.rholder:guava-retrying": {
            "firstLevelTransitive": [
                "com.netflix.metacat:metacat-connector-hive"
            ],
            "locked": "2.0.0"
        },
        "com.google.guava:guava": {
            "firstLevelTransitive": [
                "com.netflix.metacat:metacat-common",
                "com.netflix.metacat:metacat-common-server"
            ],
            "locked": "31.0.1-jre"
        },
        "com.google.inject:guice": {
            "firstLevelTransitive": [
                "com.netflix.metacat:metacat-common-server",
                "com.netflix.metacat:metacat-connector-jdbc"
            ],
            "locked": "7.0.0"
        },
        "com.h2database:h2": {
            "locked": "2.4.240"
        },
        "com.netflix.metacat:metacat-common": {
            "firstLevelTransitive": [
                "com.netflix.metacat:metacat-common-server"
            ],
            "project": true
        },
        "com.netflix.metacat:metacat-common-server": {
            "firstLevelTransitive": [
                "com.netflix.metacat:metacat-connector-hive",
                "com.netflix.metacat:metacat-connector-jdbc"
            ],
            "project": true
        },
        "com.netflix.metacat:metacat-connector-hive": {
            "project": true
        },
        "com.netflix.metacat:metacat-connector-jdbc": {
            "project": true
        },
        "com.netflix.spectator:spectator-api": {
            "firstLevelTransitive": [
                "com.netflix.metacat:metacat-common-server"
            ],
            "locked": "1.3.9"
        },
        "com.zaxxer:HikariCP": {
            "locked": "7.0.2"
        },
        "commons-dbutils:commons-dbutils": {
            "firstLevelTransitive": [
                "com.netflix.metacat:metacat-connector-hive"
            ],
            "locked": "1.6"
        },
        "jakarta.persistence:jakarta.persistence-api": {
            "locked": "3.2.0"
        },
        "log4j:log4j": {
            "locked": "1.2.17"
        },
        "net.sf.dozer:dozer": {
            "firstLevelTransitive": [
                "com.netflix.metacat:metacat-common-server"
            ],
            "locked": "5.5.1"
        },
        "org.apache.groovy:groovy-all": {
            "locked": "4.0.24"
        },
        "org.apache.hadoop:hadoop-core": {
            "firstLevelTransitive": [
                "com.netflix.metacat:metacat-connector-hive"
            ],
            "locked": "1.2.1"
        },
        "org.apache.hive:hive-exec": {
            "firstLevelTransitive": [
                "com.netflix.metacat:metacat-connector-hive"
            ],
            "locked": "1.2.1"
        },
        "org.apache.hive:hive-metastore": {
            "firstLevelTransitive": [
                "com.netflix.metacat:metacat-connector-hive"
            ],
            "locked": "1.2.1"
        },
        "org.apache.iceberg:iceberg-spark-runtime-3.5_2.13": {
            "firstLevelTransitive": [
                "com.netflix.metacat:metacat-connector-hive"
            ],
            "locked": "1.9.1"
        },
        "org.apache.tomcat:tomcat-jdbc": {
            "firstLevelTransitive": [
                "com.netflix.metacat:metacat-common-server"
            ],
            "locked": "11.0.24"
        },
        "org.codehaus.gpars:gpars": {
            "locked": "1.2.1"
        },
        "org.hibernate.orm:hibernate-core": {
            "locked": "7.2.24.Final"
        },
        "org.objenesis:objenesis": {
            "locked": "3.2"
        },
        "org.postgresql:postgresql": {
            "locked": "42.7.13"
        },
        "org.projectlombok:lombok": {
            "locked": "1.18.46"
        },
        "org.slf4j:slf4j-api": {
            "firstLevelTransitive": [
                "com.netflix.metacat:metacat-common-server"
            ],
            "locked": "2.0.18"
        },
        "org.spockframework:spock-core": {
            "locked": "2.3-groovy-4.0"
        },
        "org.spockframework:spock-guice": {
            "locked": "2.3-groovy-4.0"
        },
        "org.spockframework:spock-spring": {
            "locked": "2.3-groovy-4.0"
        },
        "org.springdoc:springdoc-openapi-starter-webmvc-ui": {
            "firstLevelTransitive": [
                "com.netflix.metacat:metacat-common"
            ],
            "locked": "3.1.0"
        },
        "org.springframework.boot:spring-boot-starter": {
            "firstLevelTransitive": [
                "com.netflix.metacat:metacat-common-server"
            ],
            "locked": "4.0.8"
        },
        "org.springframework.boot:spring-boot-starter-data-jpa": {
            "locked": "4.0.8"
        },
        "org.springframework.boot:spring-boot-starter-data-jpa-test": {
            "locked": "4.0.8"
        },
        "org.springframework.boot:spring-boot-starter-logging": {
            "firstLevelTransitive": [
                "com.netflix.metacat:metacat-common-server"
            ],
            "locked": "4.0.8"
        },
        "org.springframework.boot:spring-boot-starter-test": {
            "locked": "4.0.8"
        },
        "org.springframework.boot:spring-boot-starter-validation": {
            "locked": "4.0.8"
        },
        "org.springframework:spring-aspects": {
            "locked": "7.0.9"
        },
        "org.springframework:spring-jdbc": {
            "firstLevelTransitive": [
                "com.netflix.metacat:metacat-common-server"
            ],
            "locked": "7.0.9"
        },
        "org.springframework:spring-test": {
            "locked": "7.0.9"
        }
    },
    "functionalTestRuntimeClasspath": {
        "cglib:cglib-nodep": {
            "locked": "3.2.4"
        },
        "com.fasterxml.jackson.core:jackson-databind": {
            "firstLevelTransitive": [
                "com.netflix.metacat:metacat-common"
            ],
            "locked": "2.21.5"
        },
        "com.github.fge:json-patch": {
            "firstLevelTransitive": [
                "com.netflix.metacat:metacat-common"
            ],
            "locked": "1.9"
        },
        "com.github.rholder:guava-retrying": {
            "firstLevelTransitive": [
                "com.netflix.metacat:metacat-connector-hive"
            ],
            "locked": "2.0.0"
        },
        "com.google.guava:guava": {
            "firstLevelTransitive": [
                "com.netflix.metacat:metacat-common",
                "com.netflix.metacat:metacat-common-server"
            ],
            "locked": "31.0.1-jre"
        },
        "com.google.inject:guice": {
            "firstLevelTransitive": [
                "com.netflix.metacat:metacat-common-server",
                "com.netflix.metacat:metacat-connector-jdbc"
            ],
            "locked": "7.0.0"
        },
        "com.h2database:h2": {
            "locked": "2.4.240"
        },
        "com.netflix.metacat:metacat-common": {
            "firstLevelTransitive": [
                "com.netflix.metacat:metacat-common-server"
            ],
            "project": true
        },
        "com.netflix.metacat:metacat-common-server": {
            "firstLevelTransitive": [
                "com.netflix.metacat:metacat-connector-hive",
                "com.netflix.metacat:metacat-connector-jdbc"
            ],
            "project": true
        },
        "com.netflix.metacat:metacat-connector-hive": {
            "project": true
        },
        "com.netflix.metacat:metacat-connector-jdbc": {
            "project": true
        },
        "com.netflix.spectator:spectator-api": {
            "firstLevelTransitive": [
                "com.netflix.metacat:metacat-common-server"
            ],
            "locked": "1.3.9"
        },
        "com.zaxxer:HikariCP": {
            "firstLevelTransitive": [
                "com.netflix.metacat:metacat-common",
                "com.netflix.metacat:metacat-common-server",
                "com.netflix.metacat:metacat-connector-hive",
                "com.netflix.metacat:metacat-connector-jdbc"
            ],
            "locked": "7.0.2"
        },
        "commons-dbutils:commons-dbutils": {
            "firstLevelTransitive": [
                "com.netflix.metacat:metacat-connector-hive"
            ],
            "locked": "1.6"
        },
        "jakarta.persistence:jakarta.persistence-api": {
            "locked": "3.2.0"
        },
        "log4j:log4j": {
            "locked": "1.2.17"
        },
        "mysql:mysql-connector-java": {
            "firstLevelTransitive": [
                "com.netflix.metacat:metacat-connector-hive"
            ],
            "locked": "8.0.27"
        },
        "net.sf.dozer:dozer": {
            "firstLevelTransitive": [
                "com.netflix.metacat:metacat-common-server"
            ],
            "locked": "5.5.1"
        },
        "org.apache.groovy:groovy-all": {
            "locked": "4.0.24"
        },
        "org.apache.hadoop:hadoop-core": {
            "firstLevelTransitive": [
                "com.netflix.metacat:metacat-connector-hive"
            ],
            "locked": "1.2.1"
        },
        "org.apache.hive:hive-exec": {
            "firstLevelTransitive": [
                "com.netflix.metacat:metacat-connector-hive"
            ],
            "locked": "1.2.1"
        },
        "org.apache.hive:hive-metastore": {
            "firstLevelTransitive": [
                "com.netflix.metacat:metacat-connector-hive"
            ],
            "locked": "1.2.1"
        },
        "org.apache.iceberg:iceberg-spark-runtime-3.5_2.13": {
            "firstLevelTransitive": [
                "com.netflix.metacat:metacat-connector-hive"
            ],
            "locked": "1.9.1"
        },
        "org.apache.tomcat:tomcat-jdbc": {
            "firstLevelTransitive": [
                "com.netflix.metacat:metacat-common-server"
            ],
            "locked": "11.0.24"
        },
        "org.codehaus.gpars:gpars": {
            "locked": "1.2.1"
        },
        "org.hibernate.orm:hibernate-core": {
            "locked": "7.2.24.Final"
        },
        "org.hsqldb:hsqldb": {
            "locked": "2.7.3"
        },
        "org.objenesis:objenesis": {
            "locked": "3.2"
        },
        "org.postgresql:postgresql": {
            "locked": "42.7.13"
        },
        "org.slf4j:slf4j-api": {
            "firstLevelTransitive": [
                "com.netflix.metacat:metacat-common-server"
            ],
            "locked": "2.0.18"
        },
        "org.spockframework:spock-core": {
            "locked": "2.3-groovy-4.0"
        },
        "org.spockframework:spock-guice": {
            "locked": "2.3-groovy-4.0"
        },
        "org.spockframework:spock-spring": {
            "locked": "2.3-groovy-4.0"
        },
        "org.springdoc:springdoc-openapi-starter-webmvc-ui": {
            "firstLevelTransitive": [
                "com.netflix.metacat:metacat-common"
            ],
            "locked": "3.1.0"
        },
        "org.springframework.boot:spring-boot-configuration-processor": {
            "firstLevelTransitive": [
                "com.netflix.metacat:metacat-common-server"
            ],
            "locked": "4.0.8"
        },
        "org.springframework.boot:spring-boot-starter": {
            "firstLevelTransitive": [
                "com.netflix.metacat:metacat-common-server"
            ],
            "locked": "4.0.8"
        },
        "org.springframework.boot:spring-boot-starter-data-jpa": {
            "locked": "4.0.8"
        },
        "org.springframework.boot:spring-boot-starter-data-jpa-test": {
            "locked": "4.0.8"
        },
        "org.springframework.boot:spring-boot-starter-logging": {
            "firstLevelTransitive": [
                "com.netflix.metacat:metacat-common-server"
            ],
            "locked": "4.0.8"
        },
        "org.springframework.boot:spring-boot-starter-test": {
            "locked": "4.0.8"
        },
        "org.springframework.boot:spring-boot-starter-validation": {
            "firstLevelTransitive": [
                "com.netflix.metacat:metacat-common",
                "com.netflix.metacat:metacat-common-server",
                "com.netflix.metacat:metacat-connector-hive",
                "com.netflix.metacat:metacat-connector-jdbc"
            ],
            "locked": "4.0.8"
        },
        "org.springframework:spring-aspects": {
            "locked": "7.0.9"
        },
        "org.springframework:spring-jdbc": {
            "firstLevelTransitive": [
                "com.netflix.metacat:metacat-common-server"
            ],
            "locked": "7.0.9"
        },
        "org.springframework:spring-test": {
            "locked": "7.0.9"
        }
    },
    "jacocoAgent": {
        "org.jacoco:org.jacoco.agent": {
            "locked": "0.8.13"
        }
    },
    "jacocoAnt": {
        "org.jacoco:org.jacoco.ant": {
            "locked": "0.8.13"
        }
    },
    "runtimeClasspath": {
        "com.fasterxml.jackson.core:jackson-databind": {
            "firstLevelTransitive": [
                "com.netflix.metacat:metacat-common"
            ],
            "locked": "2.21.5"
        },
        "com.github.fge:json-patch": {
            "firstLevelTransitive": [
                "com.netflix.metacat:metacat-common"
            ],
            "locked": "1.9"
        },
        "com.github.rholder:guava-retrying": {
            "firstLevelTransitive": [
                "com.netflix.metacat:metacat-connector-hive"
            ],
            "locked": "2.0.0"
        },
        "com.google.guava:guava": {
            "firstLevelTransitive": [
                "com.netflix.metacat:metacat-common",
                "com.netflix.metacat:metacat-common-server"
            ],
            "locked": "31.0.1-jre"
        },
        "com.google.inject:guice": {
            "firstLevelTransitive": [
                "com.netflix.metacat:metacat-common-server",
                "com.netflix.metacat:metacat-connector-jdbc"
            ],
            "locked": "7.0.0"
        },
        "com.h2database:h2": {
            "locked": "2.4.240"
        },
        "com.netflix.metacat:metacat-common": {
            "firstLevelTransitive": [
                "com.netflix.metacat:metacat-common-server"
            ],
            "project": true
        },
        "com.netflix.metacat:metacat-common-server": {
            "firstLevelTransitive": [
                "com.netflix.metacat:metacat-connector-hive",
                "com.netflix.metacat:metacat-connector-jdbc"
            ],
            "project": true
        },
        "com.netflix.metacat:metacat-connector-hive": {
            "project": true
        },
        "com.netflix.metacat:metacat-connector-jdbc": {
            "project": true
        },
        "com.netflix.spectator:spectator-api": {
            "firstLevelTransitive": [
                "com.netflix.metacat:metacat-common-server"
            ],
            "locked": "1.3.9"
        },
        "com.zaxxer:HikariCP": {
            "firstLevelTransitive": [
                "com.netflix.metacat:metacat-common",
                "com.netflix.metacat:metacat-common-server",
                "com.netflix.metacat:metacat-connector-hive",
                "com.netflix.metacat:metacat-connector-jdbc"
            ],
            "locked": "7.0.2"
        },
        "commons-dbutils:commons-dbutils": {
            "firstLevelTransitive": [
                "com.netflix.metacat:metacat-connector-hive"
            ],
            "locked": "1.6"
        },
        "jakarta.persistence:jakarta.persistence-api": {
            "locked": "3.2.0"
        },
        "mysql:mysql-connector-java": {
            "firstLevelTransitive": [
                "com.netflix.metacat:metacat-connector-hive"
            ],
            "locked": "8.0.27"
        },
        "net.sf.dozer:dozer": {
            "firstLevelTransitive": [
                "com.netflix.metacat:metacat-common-server"
            ],
            "locked": "5.5.1"
        },
        "org.apache.hadoop:hadoop-core": {
            "firstLevelTransitive": [
                "com.netflix.metacat:metacat-connector-hive"
            ],
            "locked": "1.2.1"
        },
        "org.apache.hive:hive-exec": {
            "firstLevelTransitive": [
                "com.netflix.metacat:metacat-connector-hive"
            ],
            "locked": "1.2.1"
        },
        "org.apache.hive:hive-metastore": {
            "firstLevelTransitive": [
                "com.netflix.metacat:metacat-connector-hive"
            ],
            "locked": "1.2.1"
        },
        "org.apache.iceberg:iceberg-spark-runtime-3.5_2.13": {
            "firstLevelTransitive": [
                "com.netflix.metacat:metacat-connector-hive"
            ],
            "locked": "1.9.1"
        },
        "org.apache.tomcat:tomcat-jdbc": {
            "firstLevelTransitive": [
                "com.netflix.metacat:metacat-common-server"
            ],
            "locked": "11.0.24"
        },
        "org.hibernate.orm:hibernate-core": {
            "locked": "7.2.24.Final"
        },
        "org.slf4j:slf4j-api": {
            "firstLevelTransitive": [
                "com.netflix.metacat:metacat-common-server"
            ],
            "locked": "2.0.18"
        },
        "org.springdoc:springdoc-openapi-starter-webmvc-ui": {
            "firstLevelTransitive": [
                "com.netflix.metacat:metacat-common"
            ],
            "locked": "3.1.0"
        },
        "org.springframework.boot:spring-boot-configuration-processor": {
            "firstLevelTransitive": [
                "com.netflix.metacat:metacat-common-server"
            ],
            "locked": "4.0.8"
        },
        "org.springframework.boot:spring-boot-starter": {
            "firstLevelTransitive": [
                "com.netflix.metacat:metacat-common-server"
            ],
            "locked": "4.0.8"
        },
        "org.springframework.boot:spring-boot-starter-data-jpa": {
            "locked": "4.0.8"
        },
        "org.springframework.boot:spring-boot-starter-logging": {
            "firstLevelTransitive": [
                "com.netflix.metacat:metacat-common-server"
            ],
            "locked": "4.0.8"
        },
        "org.springframework.boot:spring-boot-starter-validation": {
            "firstLevelTransitive": [
                "com.netflix.metacat:metacat-common",
                "com.netflix.metacat:metacat-common-server",
                "com.netflix.metacat:metacat-connector-hive",
                "com.netflix.metacat:metacat-connector-jdbc"
            ],
            "locked": "4.0.8"
        },
        "org.springframework:spring-aspects": {
            "locked": "7.0.9"
        },
        "org.springframework:spring-jdbc": {
            "firstLevelTransitive": [
                "com.netflix.metacat:metacat-common-server"
            ],
            "locked": "7.0.9"
        }
    },
    "spotbugs": {
        "com.github.spotbugs:spotbugs": {
            "locked": "4.9.8"
        },
        "org.apache.commons:commons-lang3": {
            "locked": "3.19.0"
        },
        "org.ow2.asm:asm": {
            "locked": "9.9"
        },
        "org.ow2.asm:asm-analysis": {
            "locked": "9.9"
        },
        "org.ow2.asm:asm-commons": {
            "locked": "9.9"
        },
        "org.ow2.asm:asm-tree": {
            "locked": "9.9"
        },
        "org.ow2.asm:asm-util": {
            "locked": "9.9"
        }
    },
    "spotbugsAux": {
        "org.reactivestreams:reactive-streams": {
            "locked": "1.0.4"
        }
    },
    "spotbugsSlf4j": {
        "org.slf4j:slf4j-simple": {
            "locked": "2.0.17"
        }
    },
    "testAnnotationProcessor": {
        "org.projectlombok:lombok": {
            "locked": "1.18.46"
        }
    },
    "testCompileClasspath": {
        "cglib:cglib-nodep": {
            "locked": "3.2.4"
        },
        "com.fasterxml.jackson.core:jackson-databind": {
            "firstLevelTransitive": [
                "com.netflix.metacat:metacat-common"
            ],
            "locked": "2.21.5"
        },
        "com.github.fge:json-patch": {
            "firstLevelTransitive": [
                "com.netflix.metacat:metacat-common"
            ],
            "locked": "1.9"
        },
        "com.github.rholder:guava-retrying": {
            "firstLevelTransitive": [
                "com.netflix.metacat:metacat-connector-hive"
            ],
            "locked": "2.0.0"
        },
        "com.google.guava:guava": {
            "firstLevelTransitive": [
                "com.netflix.metacat:metacat-common",
                "com.netflix.metacat:metacat-common-server"
            ],
            "locked": "31.0.1-jre"
        },
        "com.google.inject:guice": {
            "firstLevelTransitive": [
                "com.netflix.metacat:metacat-common-server",
                "com.netflix.metacat:metacat-connector-jdbc"
            ],
            "locked": "7.0.0"
        },
        "com.h2database:h2": {
            "locked": "2.4.240"
        },
        "com.netflix.metacat:metacat-common": {
            "firstLevelTransitive": [
                "com.netflix.metacat:metacat-common-server"
            ],
            "project": true
        },
        "com.netflix.metacat:metacat-common-server": {
            "firstLevelTransitive": [
                "com.netflix.metacat:metacat-connector-hive",
                "com.netflix.metacat:metacat-connector-jdbc"
            ],
            "project": true
        },
        "com.netflix.metacat:metacat-connector-hive": {
            "project": true
        },
        "com.netflix.metacat:metacat-connector-jdbc": {
            "project": true
        },
        "com.netflix.spectator:spectator-api": {
            "firstLevelTransitive": [
                "com.netflix.metacat:metacat-common-server"
            ],
            "locked": "1.3.9"
        },
        "com.zaxxer:HikariCP": {
            "locked": "7.0.2"
        },
        "commons-dbutils:commons-dbutils": {
            "firstLevelTransitive": [
                "com.netflix.metacat:metacat-connector-hive"
            ],
            "locked": "1.6"
        },
        "jakarta.persistence:jakarta.persistence-api": {
            "locked": "3.2.0"
        },
        "log4j:log4j": {
            "locked": "1.2.17"
        },
        "net.sf.dozer:dozer": {
            "firstLevelTransitive": [
                "com.netflix.metacat:metacat-common-server"
            ],
            "locked": "5.5.1"
        },
        "org.apache.groovy:groovy-all": {
            "locked": "4.0.24"
        },
        "org.apache.hadoop:hadoop-core": {
            "firstLevelTransitive": [
                "com.netflix.metacat:metacat-connector-hive"
            ],
            "locked": "1.2.1"
        },
        "org.apache.hive:hive-exec": {
            "firstLevelTransitive": [
                "com.netflix.metacat:metacat-connector-hive"
            ],
            "locked": "1.2.1"
        },
        "org.apache.hive:hive-metastore": {
            "firstLevelTransitive": [
                "com.netflix.metacat:metacat-connector-hive"
            ],
            "locked": "1.2.1"
        },
        "org.apache.iceberg:iceberg-spark-runtime-3.5_2.13": {
            "firstLevelTransitive": [
                "com.netflix.metacat:metacat-connector-hive"
            ],
            "locked": "1.9.1"
        },
        "org.apache.tomcat:tomcat-jdbc": {
            "firstLevelTransitive": [
                "com.netflix.metacat:metacat-common-server"
            ],
            "locked": "11.0.24"
        },
        "org.codehaus.gpars:gpars": {
            "locked": "1.2.1"
        },
        "org.hibernate.orm:hibernate-core": {
            "locked": "7.2.24.Final"
        },
        "org.objenesis:objenesis": {
            "locked": "3.2"
        },
        "org.postgresql:postgresql": {
            "locked": "42.7.13"
        },
        "org.projectlombok:lombok": {
            "locked": "1.18.46"
        },
        "org.slf4j:slf4j-api": {
            "firstLevelTransitive": [
                "com.netflix.metacat:metacat-common-server"
            ],
            "locked": "2.0.18"
        },
        "org.spockframework:spock-core": {
            "locked": "2.3-groovy-4.0"
        },
        "org.spockframework:spock-guice": {
            "locked": "2.3-groovy-4.0"
        },
        "org.spockframework:spock-spring": {
            "locked": "2.3-groovy-4.0"
        },
        "org.springdoc:springdoc-openapi-starter-webmvc-ui": {
            "firstLevelTransitive": [
                "com.netflix.metacat:metacat-common"
            ],
            "locked": "3.1.0"
        },
        "org.springframework.boot:spring-boot-starter": {
            "firstLevelTransitive": [
                "com.netflix.metacat:metacat-common-server"
            ],
            "locked": "4.0.8"
        },
        "org.springframework.boot:spring-boot-starter-data-jpa": {
            "locked": "4.0.8"
        },
        "org.springframework.boot:spring-boot-starter-data-jpa-test": {
            "locked": "4.0.8"
        },
        "org.springframework.boot:spring-boot-starter-logging": {
            "firstLevelTransitive": [
                "com.netflix.metacat:metacat-common-server"
            ],
            "locked": "4.0.8"
        },
        "org.springframework.boot:spring-boot-starter-test": {
            "locked": "4.0.8"
        },
        "org.springframework.boot:spring-boot-starter-validation": {
            "locked": "4.0.8"
        },
        "org.springframework:spring-aspects": {
            "locked": "7.0.9"
        },
        "org.springframework:spring-jdbc": {
            "firstLevelTransitive": [
                "com.netflix.metacat:metacat-common-server"
            ],
            "locked": "7.0.9"
        },
        "org.springframework:spring-test": {
            "locked": "7.0.9"
        }
    },
    "testRuntimeClasspath": {
        "cglib:cglib-nodep": {
            "locked": "3.2.4"
        },
        "com.fasterxml.jackson.core:jackson-databind": {
            "firstLevelTransitive": [
                "com.netflix.metacat:metacat-common"
            ],
            "locked": "2.21.5"
        },
        "com.github.fge:json-patch": {
            "firstLevelTransitive": [
                "com.netflix.metacat:metacat-common"
            ],
            "locked": "1.9"
        },
        "com.github.rholder:guava-retrying": {
            "firstLevelTransitive": [
                "com.netflix.metacat:metacat-connector-hive"
            ],
            "locked": "2.0.0"
        },
        "com.google.guava:guava": {
            "firstLevelTransitive": [
                "com.netflix.metacat:metacat-common",
                "com.netflix.metacat:metacat-common-server"
            ],
            "locked": "31.0.1-jre"
        },
        "com.google.inject:guice": {
            "firstLevelTransitive": [
                "com.netflix.metacat:metacat-common-server",
                "com.netflix.metacat:metacat-connector-jdbc"
            ],
            "locked": "7.0.0"
        },
        "com.h2database:h2": {
            "locked": "2.4.240"
        },
        "com.netflix.metacat:metacat-common": {
            "firstLevelTransitive": [
                "com.netflix.metacat:metacat-common-server"
            ],
            "project": true
        },
        "com.netflix.metacat:metacat-common-server": {
            "firstLevelTransitive": [
                "com.netflix.metacat:metacat-connector-hive",
                "com.netflix.metacat:metacat-connector-jdbc"
            ],
            "project": true
        },
        "com.netflix.metacat:metacat-connector-hive": {
            "project": true
        },
        "com.netflix.metacat:metacat-connector-jdbc": {
            "project": true
        },
        "com.netflix.spectator:spectator-api": {
            "firstLevelTransitive": [
                "com.netflix.metacat:metacat-common-server"
            ],
            "locked": "1.3.9"
        },
        "com.zaxxer:HikariCP": {
            "firstLevelTransitive": [
                "com.netflix.metacat:metacat-common",
                "com.netflix.metacat:metacat-common-server",
                "com.netflix.metacat:metacat-connector-hive",
                "com.netflix.metacat:metacat-connector-jdbc"
            ],
            "locked": "7.0.2"
        },
        "commons-dbutils:commons-dbutils": {
            "firstLevelTransitive": [
                "com.netflix.metacat:metacat-connector-hive"
            ],
            "locked": "1.6"
        },
        "jakarta.persistence:jakarta.persistence-api": {
            "locked": "3.2.0"
        },
        "log4j:log4j": {
            "locked": "1.2.17"
        },
        "mysql:mysql-connector-java": {
            "firstLevelTransitive": [
                "com.netflix.metacat:metacat-connector-hive"
            ],
            "locked": "8.0.27"
        },
        "net.sf.dozer:dozer": {
            "firstLevelTransitive": [
                "com.netflix.metacat:metacat-common-server"
            ],
            "locked": "5.5.1"
        },
        "org.apache.groovy:groovy-all": {
            "locked": "4.0.24"
        },
        "org.apache.hadoop:hadoop-core": {
            "firstLevelTransitive": [
                "com.netflix.metacat:metacat-connector-hive"
            ],
            "locked": "1.2.1"
        },
        "org.apache.hive:hive-exec": {
            "firstLevelTransitive": [
                "com.netflix.metacat:metacat-connector-hive"
            ],
            "locked": "1.2.1"
        },
        "org.apache.hive:hive-metastore": {
            "firstLevelTransitive": [
                "com.netflix.metacat:metacat-connector-hive"
            ],
            "locked": "1.2.1"
        },
        "org.apache.iceberg:iceberg-spark-runtime-3.5_2.13": {
            "firstLevelTransitive": [
                "com.netflix.metacat:metacat-connector-hive"
            ],
            "locked": "1.9.1"
        },
        "org.apache.tomcat:tomcat-jdbc": {
            "firstLevelTransitive": [
                "com.netflix.metacat:metacat-common-server"
            ],
            "locked": "11.0.24"
        },
        "org.codehaus.gpars:gpars": {
            "locked": "1.2.1"
        },
        "org.hibernate.orm:hibernate-core": {
            "locked": "7.2.24.Final"
        },
        "org.hsqldb:hsqldb": {
            "locked": "2.7.3"
        },
        "org.objenesis:objenesis": {
            "locked": "3.2"
        },
        "org.postgresql:postgresql": {
            "locked": "42.7.13"
        },
        "org.slf4j:slf4j-api": {
            "firstLevelTransitive": [
                "com.netflix.metacat:metacat-common-server"
            ],
            "locked": "2.0.18"
        },
        "org.spockframework:spock-core": {
            "locked": "2.3-groovy-4.0"
        },
        "org.spockframework:spock-guice": {
            "locked": "2.3-groovy-4.0"
        },
        "org.spockframework:spock-spring": {
            "locked": "2.3-groovy-4.0"
        },
        "org.springdoc:springdoc-openapi-starter-webmvc-ui": {
            "firstLevelTransitive": [
                "com.netflix.metacat:metacat-common"
            ],
            "locked": "3.1.0"
        },
        "org.springframework.boot:spring-boot-configuration-processor": {
            "firstLevelTransitive": [
                "com.netflix.metacat:metacat-common-server"
            ],
            "locked": "4.0.8"
        },
        "org.springframework.boot:spring-boot-starter": {
            "firstLevelTransitive": [
                "com.netflix.metacat:metacat-common-server"
            ],
            "locked": "4.0.8"
        },
        "org.springframework.boot:spring-boot-starter-data-jpa": {
            "locked": "4.0.8"
        },
        "org.springframework.boot:spring-boot-starter-data-jpa-test": {
            "locked": "4.0.8"
        },
        "org.springframework.boot:spring-boot-starter-logging": {
            "firstLevelTransitive": [
                "com.netflix.metacat:metacat-common-server"
            ],
            "locked": "4.0.8"
        },
        "org.springframework.boot:spring-boot-starter-test": {
            "locked": "4.0.8"
        },
        "org.springframework.boot:spring-boot-starter-validation": {
            "firstLevelTransitive": [
                "com.netflix.metacat:metacat-common",
                "com.netflix.metacat:metacat-common-server",
                "com.netflix.metacat:metacat-connector-hive",
                "com.netflix.metacat:metacat-connector-jdbc"
            ],
            "locked": "4.0.8"
        },
        "org.springframework:spring-aspects": {
            "locked": "7.0.9"
        },
        "org.springframework:spring-jdbc": {
            "firstLevelTransitive": [
                "com.netflix.metacat:metacat-common-server"
            ],
            "locked": "7.0.9"
        },
        "org.springframework:spring-test": {
            "locked": "7.0.9"
        }
    }
}