{
    "annotationProcessor": {
        "org.projectlombok:lombok": {
            "locked": "1.18.30"
        }
    },
    "checkstyle": {
        "com.puppycrawl.tools:checkstyle": {
            "locked": "6.11"
        }
    },
    "compileClasspath": {
        "com.fasterxml.jackson.core:jackson-databind": {
            "firstLevelTransitive": [
                "com.netflix.metacat:metacat-common"
            ],
            "locked": "2.15.4"
        },
        "com.fasterxml.jackson.datatype:jackson-datatype-guava": {
            "locked": "2.15.4"
        },
        "com.fasterxml.jackson.module:jackson-module-jaxb-annotations": {
            "locked": "2.15.4"
        },
        "com.github.fge:json-patch": {
            "firstLevelTransitive": [
                "com.netflix.metacat:metacat-common"
            ],
            "locked": "1.9"
        },
        "com.github.spotbugs:spotbugs-annotations": {
            "locked": "4.8.2"
        },
        "com.google.guava:guava": {
            "firstLevelTransitive": [
                "com.netflix.metacat:metacat-common"
            ],
            "locked": "31.0.1-jre"
        },
        "com.netflix.metacat:metacat-common": {
            "project": true
        },
        "com.zaxxer:HikariCP": {
            "locked": "5.0.1"
        },
        "io.github.openfeign:feign-core": {
            "locked": "10.10.1"
        },
        "io.github.openfeign:feign-jaxrs": {
            "locked": "10.10.1"
        },
        "io.github.openfeign:feign-slf4j": {
            "locked": "10.10.1"
        },
        "org.projectlombok:lombok": {
            "locked": "1.18.30"
        },
        "org.slf4j:slf4j-api": {
            "locked": "2.0.16"
        },
        "org.springdoc:springdoc-openapi-starter-webmvc-ui": {
            "firstLevelTransitive": [
                "com.netflix.metacat:metacat-common"
            ],
            "locked": "2.5.0"
        },
        "org.springframework.boot:spring-boot-starter-validation": {
            "locked": "3.2.12"
        }
    },
    "jacocoAgent": {
        "org.jacoco:org.jacoco.agent": {
            "locked": "0.8.8"
        }
    },
    "jacocoAnt": {
        "org.jacoco:org.jacoco.ant": {
            "locked": "0.8.8"
        }
    },
    "runtimeClasspath": {
        "com.fasterxml.jackson.core:jackson-databind": {
            "firstLevelTransitive": [
                "com.netflix.metacat:metacat-common"
            ],
            "locked": "2.15.4"
        },
        "com.fasterxml.jackson.datatype:jackson-datatype-guava": {
            "locked": "2.15.4"
        },
        "com.fasterxml.jackson.module:jackson-module-jaxb-annotations": {
            "locked": "2.15.4"
        },
        "com.github.fge:json-patch": {
            "firstLevelTransitive": [
                "com.netflix.metacat:metacat-common"
            ],
            "locked": "1.9"
        },
        "com.google.guava:guava": {
            "firstLevelTransitive": [
                "com.netflix.metacat:metacat-common"
            ],
            "locked": "31.0.1-jre"
        },
        "com.netflix.metacat:metacat-common": {
            "project": true
        },
        "com.zaxxer:HikariCP": {
            "firstLevelTransitive": [
                "com.netflix.metacat:metacat-common"
            ],
            "locked": "5.0.1"
        },
        "io.github.openfeign:feign-core": {
            "locked": "10.10.1"
        },
        "io.github.openfeign:feign-jaxrs": {
            "locked": "10.10.1"
        },
        "io.github.openfeign:feign-slf4j": {
            "locked": "10.10.1"
        },
        "org.slf4j:slf4j-api": {
            "locked": "2.0.16"
        },
        "org.springdoc:springdoc-openapi-starter-webmvc-ui": {
            "firstLevelTransitive": [
                "com.netflix.metacat:metacat-common"
            ],
            "locked": "2.5.0"
        },
        "org.springframework.boot:spring-boot-starter-validation": {
            "firstLevelTransitive": [
                "com.netflix.metacat:metacat-common"
            ],
            "locked": "3.2.12"
        }
    },
    "spotbugs": {
        "com.github.spotbugs:spotbugs": {
            "locked": "4.8.2"
        }
    },
    "spotbugsSlf4j": {
        "org.slf4j:slf4j-simple": {
            "locked": "2.0.0"
        }
    },
    "testAnnotationProcessor": {
        "org.projectlombok:lombok": {
            "locked": "1.18.30"
        }
    },
    "testCompileClasspath": {
        "cglib:cglib-nodep": {
            "locked": "3.2.4"
        },
        "com.fasterxml.jackson.core:jackson-databind": {
            "firstLevelTransitive": [
                "com.netflix.metacat:metacat-common"
            ],
            "locked": "2.15.4"
        },
        "com.fasterxml.jackson.datatype:jackson-datatype-guava": {
            "locked": "2.15.4"
        },
        "com.fasterxml.jackson.module:jackson-module-jaxb-annotations": {
            "locked": "2.15.4"
        },
        "com.github.fge:json-patch": {
            "firstLevelTransitive": [
                "com.netflix.metacat:metacat-common"
            ],
            "locked": "1.9"
        },
        "com.google.guava:guava": {
            "firstLevelTransitive": [
                "com.netflix.metacat:metacat-common"
            ],
            "locked": "31.0.1-jre"
        },
        "com.netflix.metacat:metacat-common": {
            "project": true
        },
        "com.zaxxer:HikariCP": {
            "locked": "5.0.1"
        },
        "io.github.openfeign:feign-core": {
            "locked": "10.10.1"
        },
        "io.github.openfeign:feign-jaxrs": {
            "locked": "10.10.1"
        },
        "io.github.openfeign:feign-slf4j": {
            "locked": "10.10.1"
        },
        "log4j:log4j": {
            "locked": "1.2.17"
        },
        "org.apache.groovy:groovy-all": {
            "locked": "4.0.24"
        },
        "org.codehaus.gpars:gpars": {
            "locked": "1.2.1"
        },
        "org.objenesis:objenesis": {
            "locked": "3.2"
        },
        "org.projectlombok:lombok": {
            "locked": "1.18.30"
        },
        "org.slf4j:slf4j-api": {
            "locked": "2.0.16"
        },
        "org.spockframework:spock-core": {
            "locked": "2.3-groovy-4.0"
        },
        "org.spockframework:spock-guice": {
            "locked": "2.3-groovy-4.0"
        },
        "org.spockframework:spock-spring": {
            "locked": "2.3-groovy-4.0"
        },
        "org.springdoc:springdoc-openapi-starter-webmvc-ui": {
            "firstLevelTransitive": [
                "com.netflix.metacat:metacat-common"
            ],
            "locked": "2.5.0"
        },
        "org.springframework.boot:spring-boot-starter-test": {
            "locked": "3.2.12"
        },
        "org.springframework.boot:spring-boot-starter-validation": {
            "locked": "3.2.12"
        }
    },
    "testRuntimeClasspath": {
        "cglib:cglib-nodep": {
            "locked": "3.2.4"
        },
        "com.fasterxml.jackson.core:jackson-databind": {
            "firstLevelTransitive": [
                "com.netflix.metacat:metacat-common"
            ],
            "locked": "2.15.4"
        },
        "com.fasterxml.jackson.datatype:jackson-datatype-guava": {
            "locked": "2.15.4"
        },
        "com.fasterxml.jackson.module:jackson-module-jaxb-annotations": {
            "locked": "2.15.4"
        },
        "com.github.fge:json-patch": {
            "firstLevelTransitive": [
                "com.netflix.metacat:metacat-common"
            ],
            "locked": "1.9"
        },
        "com.google.guava:guava": {
            "firstLevelTransitive": [
                "com.netflix.metacat:metacat-common"
            ],
            "locked": "31.0.1-jre"
        },
        "com.netflix.metacat:metacat-common": {
            "project": true
        },
        "com.zaxxer:HikariCP": {
            "firstLevelTransitive": [
                "com.netflix.metacat:metacat-common"
            ],
            "locked": "5.0.1"
        },
        "io.github.openfeign:feign-core": {
            "locked": "10.10.1"
        },
        "io.github.openfeign:feign-jaxrs": {
            "locked": "10.10.1"
        },
        "io.github.openfeign:feign-slf4j": {
            "locked": "10.10.1"
        },
        "log4j:log4j": {
            "locked": "1.2.17"
        },
        "org.apache.groovy:groovy-all": {
            "locked": "4.0.24"
        },
        "org.codehaus.gpars:gpars": {
            "locked": "1.2.1"
        },
        "org.hsqldb:hsqldb": {
            "locked": "2.7.3"
        },
        "org.objenesis:objenesis": {
            "locked": "3.2"
        },
        "org.slf4j:slf4j-api": {
            "locked": "2.0.16"
        },
        "org.spockframework:spock-core": {
            "locked": "2.3-groovy-4.0"
        },
        "org.spockframework:spock-guice": {
            "locked": "2.3-groovy-4.0"
        },
        "org.spockframework:spock-spring": {
            "locked": "2.3-groovy-4.0"
        },
        "org.springdoc:springdoc-openapi-starter-webmvc-ui": {
            "firstLevelTransitive": [
                "com.netflix.metacat:metacat-common"
            ],
            "locked": "2.5.0"
        },
        "org.springframework.boot:spring-boot-starter-test": {
            "locked": "3.2.12"
        },
        "org.springframework.boot:spring-boot-starter-validation": {
            "firstLevelTransitive": [
                "com.netflix.metacat:metacat-common"
            ],
            "locked": "3.2.12"
        }
    }
}