{
    "annotationProcessor": {
        "org.projectlombok:lombok": {
            "locked": "1.18.30"
        }
    },
    "checkstyle": {
        "com.puppycrawl.tools:checkstyle": {
            "locked": "6.11"
        }
    },
    "compileClasspath": {
        "com.fasterxml.jackson.core:jackson-databind": {
            "locked": "2.13.5"
        },
        "com.github.fge:json-patch": {
            "locked": "1.9"
        },
        "com.github.spotbugs:spotbugs-annotations": {
            "locked": "4.8.2"
        },
        "com.google.guava:guava": {
            "locked": "19.0"
        },
        "com.zaxxer:HikariCP": {
            "locked": "4.0.3"
        },
        "io.swagger:swagger-annotations": {
            "locked": "1.6.2"
        },
        "org.hibernate:hibernate-core": {
            "locked": "5.6.15.Final"
        },
        "org.projectlombok:lombok": {
            "locked": "1.18.30"
        }
    },
    "jacocoAgent": {
        "org.jacoco:org.jacoco.agent": {
            "locked": "0.8.7"
        }
    },
    "jacocoAnt": {
        "org.jacoco:org.jacoco.ant": {
            "locked": "0.8.7"
        }
    },
    "runtimeClasspath": {
        "com.fasterxml.jackson.core:jackson-databind": {
            "locked": "2.13.5"
        },
        "com.github.fge:json-patch": {
            "locked": "1.9"
        },
        "com.google.guava:guava": {
            "locked": "19.0"
        },
        "com.zaxxer:HikariCP": {
            "locked": "4.0.3"
        },
        "io.swagger:swagger-annotations": {
            "locked": "1.6.2"
        },
        "org.hibernate:hibernate-core": {
            "locked": "5.6.15.Final"
        }
    },
    "spotbugs": {
        "com.github.spotbugs:spotbugs": {
            "locked": "4.8.2"
        }
    },
    "spotbugsSlf4j": {
        "org.slf4j:slf4j-simple": {
            "locked": "2.0.0"
        }
    },
    "testAnnotationProcessor": {
        "org.projectlombok:lombok": {
            "locked": "1.18.30"
        }
    },
    "testCompileClasspath": {
        "cglib:cglib-nodep": {
            "locked": "3.2.4"
        },
        "com.fasterxml.jackson.core:jackson-databind": {
            "locked": "2.13.5"
        },
        "com.github.fge:json-patch": {
            "locked": "1.9"
        },
        "com.google.guava:guava": {
            "locked": "19.0"
        },
        "com.zaxxer:HikariCP": {
            "locked": "4.0.3"
        },
        "io.swagger:swagger-annotations": {
            "locked": "1.6.2"
        },
        "log4j:log4j": {
            "locked": "1.2.17"
        },
        "nl.jqno.equalsverifier:equalsverifier": {
            "locked": "1.7.2"
        },
        "org.apache.commons:commons-lang3": {
            "locked": "3.12.0"
        },
        "org.codehaus.gpars:gpars": {
            "locked": "1.2.1"
        },
        "org.codehaus.groovy:groovy-all": {
            "locked": "2.5.9"
        },
        "org.hibernate:hibernate-core": {
            "locked": "5.6.15.Final"
        },
        "org.junit.jupiter:junit-jupiter-api": {
            "locked": "5.4.2"
        },
        "org.junit.platform:junit-platform-launcher": {
            "locked": "1.8.1"
        },
        "org.junit.platform:junit-platform-runner": {
            "locked": "1.8.1"
        },
        "org.objenesis:objenesis": {
            "locked": "3.2"
        },
        "org.projectlombok:lombok": {
            "locked": "1.18.30"
        },
        "org.reflections:reflections": {
            "locked": "0.9.12"
        },
        "org.spockframework:spock-core": {
            "locked": "2.1-groovy-3.0"
        },
        "org.spockframework:spock-guice": {
            "locked": "2.1-groovy-3.0"
        },
        "org.spockframework:spock-spring": {
            "locked": "2.1-groovy-3.0"
        },
        "org.springframework.boot:spring-boot-starter-test": {
            "locked": "2.7.11"
        }
    },
    "testRuntimeClasspath": {
        "cglib:cglib-nodep": {
            "locked": "3.2.4"
        },
        "com.fasterxml.jackson.core:jackson-databind": {
            "locked": "2.13.5"
        },
        "com.github.fge:json-patch": {
            "locked": "1.9"
        },
        "com.google.guava:guava": {
            "locked": "19.0"
        },
        "com.zaxxer:HikariCP": {
            "locked": "4.0.3"
        },
        "io.swagger:swagger-annotations": {
            "locked": "1.6.2"
        },
        "log4j:log4j": {
            "locked": "1.2.17"
        },
        "nl.jqno.equalsverifier:equalsverifier": {
            "locked": "1.7.2"
        },
        "org.apache.commons:commons-lang3": {
            "locked": "3.12.0"
        },
        "org.codehaus.gpars:gpars": {
            "locked": "1.2.1"
        },
        "org.codehaus.groovy:groovy-all": {
            "locked": "2.5.9"
        },
        "org.hibernate:hibernate-core": {
            "locked": "5.6.15.Final"
        },
        "org.hsqldb:hsqldb": {
            "locked": "2.5.2"
        },
        "org.junit.jupiter:junit-jupiter-api": {
            "locked": "5.4.2"
        },
        "org.junit.jupiter:junit-jupiter-engine": {
            "locked": "5.4.2"
        },
        "org.junit.platform:junit-platform-commons": {
            "locked": "1.7.0"
        },
        "org.junit.platform:junit-platform-launcher": {
            "locked": "1.8.1"
        },
        "org.junit.platform:junit-platform-runner": {
            "locked": "1.8.1"
        },
        "org.junit.vintage:junit-vintage-engine": {
            "locked": "5.3.1"
        },
        "org.objenesis:objenesis": {
            "locked": "3.2"
        },
        "org.reflections:reflections": {
            "locked": "0.9.12"
        },
        "org.spockframework:spock-core": {
            "locked": "2.1-groovy-3.0"
        },
        "org.spockframework:spock-guice": {
            "locked": "2.1-groovy-3.0"
        },
        "org.spockframework:spock-spring": {
            "locked": "2.1-groovy-3.0"
        },
        "org.springframework.boot:spring-boot-starter-test": {
            "locked": "2.7.11"
        }
    }
}